
Microsoft Visual Studio Solution File, Format Version 12.00
# Visual Studio Version 17
VisualStudioVersion = 17.0.32112.339
MinimumVisualStudioVersion = 10.0.40219.1
Project("{FAE04EC0-301F-11D3-BF4B-00C04F79EFBC}") = "GentelellaTemplate", "GentelellaTemplate\GentelellaTemplate.csproj", "{4A656E58-9BEE-418E-BD50-74AB7E762981}"
EndProject
Global
	GlobalSection(SolutionConfigurationPlatforms) = preSolution
		Debug|Any CPU = Debug|Any CPU
		Release|Any CPU = Release|Any CPU
	EndGlobalSection
	GlobalSection(ProjectConfigurationPlatforms) = postSolution
		{4A656E58-9BEE-418E-BD50-74AB7E762981}.Debug|Any CPU.ActiveCfg = Debug|Any CPU
		{4A656E58-9BEE-418E-BD50-74AB7E762981}.Debug|Any CPU.Build.0 = Debug|Any CPU
		{4A656E58-9BEE-418E-BD50-74AB7E762981}.Release|Any CPU.ActiveCfg = Release|Any CPU
		{4A656E58-9BEE-418E-BD50-74AB7E762981}.Release|Any CPU.Build.0 = Release|Any CPU
	EndGlobalSection
	GlobalSection(SolutionProperties) = preSolution
		HideSolutionNode = FALSE
	EndGlobalSection
	GlobalSection(ExtensibilityGlobals) = postSolution
		SolutionGuid = {1399B2FA-DE85-4A70-ADAF-4E65D9B00783}
	EndGlobalSection
EndGlobal
